// !$*UTF8*$!
{
	archiveVersion = 1;
	classes = {
	};
	objectVersion = 50;
	objects = {

/* Begin PBXBuildFile section */
		174ADBA2250BE1090031E96B /* AboutViewController.swift in Sources */ = {isa = PBXBuildFile; fileRef = 174ADBA1250BE1090031E96B /* AboutViewController.swift */; };
		174ADBA4250BE61A0031E96B /* Bullseye.html in Resources */ = {isa = PBXBuildFile; fileRef = 174ADBA3250BE61A0031E96B /* Bullseye.html */; };
		174ADBA7250BE6A70031E96B /* WebKit.framework in Frameworks */ = {isa = PBXBuildFile; fileRef = 174ADBA6250BE6A70031E96B /* WebKit.framework */; };
		174ADBA9250CFAD00031E96B /* HighScoresViewController.swift in Sources */ = {isa = PBXBuildFile; fileRef = 174ADBA8250CFAD00031E96B /* HighScoresViewController.swift */; };
		17D66EDA24FD7B74007F1689 /* AppDelegate.swift in Sources */ = {isa = PBXBuildFile; fileRef = 17D66ED924FD7B74007F1689 /* AppDelegate.swift */; };
		17D66EDC24FD7B74007F1689 /* SceneDelegate.swift in Sources */ = {isa = PBXBuildFile; fileRef = 17D66EDB24FD7B74007F1689 /* SceneDelegate.swift */; };
		17D66EDE24FD7B74007F1689 /* ViewController.swift in Sources */ = {isa = PBXBuildFile; fileRef = 17D66EDD24FD7B74007F1689 /* ViewController.swift */; };
		17D66EE124FD7B74007F1689 /* Main.storyboard in Resources */ = {isa = PBXBuildFile; fileRef = 17D66EDF24FD7B74007F1689 /* Main.storyboard */; };
		17D66EE324FD7B77007F1689 /* Assets.xcassets in Resources */ = {isa = PBXBuildFile; fileRef = 17D66EE224FD7B77007F1689 /* Assets.xcassets */; };
		17D66EE624FD7B77007F1689 /* LaunchScreen.storyboard in Resources */ = {isa = PBXBuildFile; fileRef = 17D66EE424FD7B77007F1689 /* LaunchScreen.storyboard */; };
/* End PBXBuildFile section */

/* Begin PBXFileReference section */
		174ADBA1250BE1090031E96B /* AboutViewController.swift */ = {isa = PBXFileReference; lastKnownFileType = sourcecode.swift; path = AboutViewController.swift; sourceTree = "<group>"; };
		174ADBA3250BE61A0031E96B /* Bullseye.html */ = {isa = PBXFileReference; fileEncoding = 4; lastKnownFileType = text.html; name = Bullseye.html; path = "../../11th semester (FINAL)/Courses/IOS Dev/iOS_Apprentice_souce_code_v8.2.1/19-getting-started-uikit/Resources/Bullseye.html"; sourceTree = "<group>"; };
		174ADBA6250BE6A70031E96B /* WebKit.framework */ = {isa = PBXFileReference; lastKnownFileType = wrapper.framework; name = WebKit.framework; path = System/Library/Frameworks/WebKit.framework; sourceTree = SDKROOT; };
		174ADBA8250CFAD00031E96B /* HighScoresViewController.swift */ = {isa = PBXFileReference; lastKnownFileType = sourcecode.swift; path = HighScoresViewController.swift; sourceTree = "<group>"; };
		17D66ED624FD7B74007F1689 /* Bullseye.app */ = {isa = PBXFileReference; explicitFileType = wrapper.application; includeInIndex = 0; path = Bullseye.app; sourceTree = BUILT_PRODUCTS_DIR; };
		17D66ED924FD7B74007F1689 /* AppDelegate.swift */ = {isa = PBXFileReference; lastKnownFileType = sourcecode.swift; path = AppDelegate.swift; sourceTree = "<group>"; };
		17D66EDB24FD7B74007F1689 /* SceneDelegate.swift */ = {isa = PBXFileReference; lastKnownFileType = sourcecode.swift; path = SceneDelegate.swift; sourceTree = "<group>"; };
		17D66EDD24FD7B74007F1689 /* ViewController.swift */ = {isa = PBXFileReference; lastKnownFileType = sourcecode.swift; path = ViewController.swift; sourceTree = "<group>"; };
		17D66EE024FD7B74007F1689 /* Base */ = {isa = PBXFileReference; lastKnownFileType = file.storyboard; name = Base; path = Base.lproj/Main.storyboard; sourceTree = "<group>"; };
		17D66EE224FD7B77007F1689 /* Assets.xcassets */ = {isa = PBXFileReference; lastKnownFileType = folder.assetcatalog; path = Assets.xcassets; sourceTree = "<group>"; };
		17D66EE524FD7B77007F1689 /* Base */ = {isa = PBXFileReference; lastKnownFileType = file.storyboard; name = Base; path = Base.lproj/LaunchScreen.storyboard; sourceTree = "<group>"; };
		17D66EE724FD7B77007F1689 /* Info.plist */ = {isa = PBXFileReference; lastKnownFileType = text.plist.xml; path = Info.plist; sourceTree = "<group>"; };
/* End PBXFileReference section */

/* Begin PBXFrameworksBuildPhase section */
		17D66ED324FD7B74007F1689 /* Frameworks */ = {
			isa = PBXFrameworksBuildPhase;
			buildActionMask = 2147483647;
			files = (
				174ADBA7250BE6A70031E96B /* WebKit.framework in Frameworks */,
			);
			runOnlyForDeploymentPostprocessing = 0;
		};
/* End PBXFrameworksBuildPhase section */

/* Begin PBXGroup section */
		174ADBA5250BE6A70031E96B /* Frameworks */ = {
			isa = PBXGroup;
			children = (
				174ADBA6250BE6A70031E96B /* WebKit.framework */,
			);
			name = Frameworks;
			sourceTree = "<group>";
		};
		17D66ECD24FD7B74007F1689 = {
			isa = PBXGroup;
			children = (
				17D66ED824FD7B74007F1689 /* Bullseye */,
				17D66ED724FD7B74007F1689 /* Products */,
				174ADBA5250BE6A70031E96B /* Frameworks */,
			);
			sourceTree = "<group>";
		};
		17D66ED724FD7B74007F1689 /* Products */ = {
			isa = PBXGroup;
			children = (
				17D66ED624FD7B74007F1689 /* Bullseye.app */,
			);
			name = Products;
			sourceTree = "<group>";
		};
		17D66ED824FD7B74007F1689 /* Bullseye */ = {
			isa = PBXGroup;
			children = (
				174ADBA3250BE61A0031E96B /* Bullseye.html */,
				17D66ED924FD7B74007F1689 /* AppDelegate.swift */,
				17D66EDB24FD7B74007F1689 /* SceneDelegate.swift */,
				17D66EDD24FD7B74007F1689 /* ViewController.swift */,
				17D66EDF24FD7B74007F1689 /* Main.storyboard */,
				174ADBA8250CFAD00031E96B /* HighScoresViewController.swift */,
				174ADBA1250BE1090031E96B /* AboutViewController.swift */,
				17D66EE224FD7B77007F1689 /* Assets.xcassets */,
				17D66EE424FD7B77007F1689 /* LaunchScreen.storyboard */,
				17D66EE724FD7B77007F1689 /* Info.plist */,
			);
			path = Bullseye;
			sourceTree = "<group>";
		};
/* End PBXGroup section */

/* Begin PBXNativeTarget section */
		17D66ED524FD7B74007F1689 /* Bullseye */ = {
			isa = PBXNativeTarget;
			buildConfigurationList = 17D66EEA24FD7B77007F1689 /* Build configuration list for PBXNativeTarget "Bullseye" */;
			buildPhases = (
				17D66ED224FD7B74007F1689 /* Sources */,
				17D66ED324FD7B74007F1689 /* Frameworks */,
				17D66ED424FD7B74007F1689 /* Resources */,
			);
			buildRules = (
			);
			dependencies = (
			);
			name = Bullseye;
			productName = Bullseye;
			productReference = 17D66ED624FD7B74007F1689 /* Bullseye.app */;
			productType = "com.apple.product-type.application";
		};
/* End PBXNativeTarget section */

/* Begin PBXProject section */
		17D66ECE24FD7B74007F1689 /* Project object */ = {
			isa = PBXProject;
			attributes = {
				LastSwiftUpdateCheck = 1160;
				LastUpgradeCheck = 1160;
				ORGANIZATIONNAME = "Suchwinder Singh";
				TargetAttributes = {
					17D66ED524FD7B74007F1689 = {
						CreatedOnToolsVersion = 11.6;
					};
				};
			};
			buildConfigurationList = 17D66ED124FD7B74007F1689 /* Build configuration list for PBXProject "Bullseye" */;
			compatibilityVersion = "Xcode 9.3";
			developmentRegion = en;
			hasScannedForEncodings = 0;
			knownRegions = (
				en,
				Base,
			);
			mainGroup = 17D66ECD24FD7B74007F1689;
			productRefGroup = 17D66ED724FD7B74007F1689 /* Products */;
			projectDirPath = "";
			projectRoot = "";
			targets = (
				17D66ED524FD7B74007F1689 /* Bullseye */,
			);
		};
/* End PBXProject section */

/* Begin PBXResourcesBuildPhase section */
		17D66ED424FD7B74007F1689 /* Resources */ = {
			isa = PBXResourcesBuildPhase;
			buildActionMask = 2147483647;
			files = (
				17D66EE624FD7B77007F1689 /* LaunchScreen.storyboard in Resources */,
				174ADBA4250BE61A0031E96B /* Bullseye.html in Resources */,
				17D66EE324FD7B77007F1689 /* Assets.xcassets in Resources */,
				17D66EE124FD7B74007F1689 /* Main.storyboard in Resources */,
			);
			runOnlyForDeploymentPostprocessing = 0;
		};
/* End PBXResourcesBuildPhase section */

/* Begin PBXSourcesBuildPhase section */
		17D66ED224FD7B74007F1689 /* Sources */ = {
			isa = PBXSourcesBuildPhase;
			buildActionMask = 2147483647;
			files = (
				174ADBA9250CFAD00031E96B /* HighScoresViewController.swift in Sources */,
				17D66EDE24FD7B74007F1689 /* ViewController.swift in Sources */,
				17D66EDA24FD7B74007F1689 /* AppDelegate.swift in Sources */,
				174ADBA2250BE1090031E96B /* AboutViewController.swift in Sources */,
				17D66EDC24FD7B74007F1689 /* SceneDelegate.swift in Sources */,
			);
			runOnlyForDeploymentPostprocessing = 0;
		};
/* End PBXSourcesBuildPhase section */

/* Begin PBXVariantGroup section */
		17D66EDF24FD7B74007F1689 /* Main.storyboard */ = {
			isa = PBXVariantGroup;
			children = (
				17D66EE024FD7B74007F1689 /* Base */,
			);
			name = Main.storyboard;
			sourceTree = "<group>";
		};
		17D66EE424FD7B77007F1689 /* LaunchScreen.storyboard */ = {
			isa = PBXVariantGroup;
			children = (
				17D66EE524FD7B77007F1689 /* Base */,
			);
			name = LaunchScreen.storyboard;
			sourceTree = "<group>";
		};
/* End PBXVariantGroup section */

/* Begin XCBuildConfiguration section */
		17D66EE824FD7B77007F1689 /* Debug */ = {
			isa = XCBuildConfiguration;
			buildSettings = {
				ALWAYS_SEARCH_USER_PATHS = NO;
				CLANG_ANALYZER_NONNULL = YES;
				CLANG_ANALYZER_NUMBER_OBJECT_CONVERSION = YES_AGGRESSIVE;
				CLANG_CXX_LANGUAGE_STANDARD = "gnu++14";
				CLANG_CXX_LIBRARY = "libc++";
				CLANG_ENABLE_MODULES = YES;
				CLANG_ENABLE_OBJC_ARC = YES;
				CLANG_ENABLE_OBJC_WEAK = YES;
				CLANG_WARN_BLOCK_CAPTURE_AUTORELEASING = YES;
				CLANG_WARN_BOOL_CONVERSION = YES;
				CLANG_WARN_COMMA = YES;
				CLANG_WARN_CONSTANT_CONVERSION = YES;
				CLANG_WARN_DEPRECATED_OBJC_IMPLEMENTATIONS = YES;
				CLANG_WARN_DIRECT_OBJC_ISA_USAGE = YES_ERROR;
				CLANG_WARN_DOCUMENTATION_COMMENTS = YES;
				CLANG_WARN_EMPTY_BODY = YES;
				CLANG_WARN_ENUM_CONVERSION = YES;
				CLANG_WARN_INFINITE_RECURSION = YES;
				CLANG_WARN_INT_CONVERSION = YES;
				CLANG_WARN_NON_LITERAL_NULL_CONVERSION = YES;
				CLANG_WARN_OBJC_IMPLICIT_RETAIN_SELF = YES;
				CLANG_WARN_OBJC_LITERAL_CONVERSION = YES;
				CLANG_WARN_OBJC_ROOT_CLASS = YES_ERROR;
				CLANG_WARN_RANGE_LOOP_ANALYSIS = YES;
				CLANG_WARN_STRICT_PROTOTYPES = YES;
				CLANG_WARN_SUSPICIOUS_MOVE = YES;
				CLANG_WARN_UNGUARDED_AVAILABILITY = YES_AGGRESSIVE;
				CLANG_WARN_UNREACHABLE_CODE = YES;
				CLANG_WARN__DUPLICATE_METHOD_MATCH = YES;
				COPY_PHASE_STRIP = NO;
				DEBUG_INFORMATION_FORMAT = dwarf;
				ENABLE_STRICT_OBJC_MSGSEND = YES;
				ENABLE_TESTABILITY = YES;
				GCC_C_LANGUAGE_STANDARD = gnu11;
				GCC_DYNAMIC_NO_PIC = NO;
				GCC_NO_COMMON_BLOCKS = YES;
				GCC_OPTIMIZATION_LEVEL = 0;
				GCC_PREPROCESSOR_DEFINITIONS = (
					"DEBUG=1",
					"$(inherited)",
				);
				GCC_WARN_64_TO_32_BIT_CONVERSION = YES;
				GCC_WARN_ABOUT_RETURN_TYPE = YES_ERROR;
				GCC_WARN_UNDECLARED_SELECTOR = YES;
				GCC_WARN_UNINITIALIZED_AUTOS = YES_AGGRESSIVE;
				GCC_WARN_UNUSED_FUNCTION = YES;
				GCC_WARN_UNUSED_VARIABLE = YES;
				IPHONEOS_DEPLOYMENT_TARGET = 13.6;
				MTL_ENABLE_DEBUG_INFO = INCLUDE_SOURCE;
				MTL_FAST_MATH = YES;
				ONLY_ACTIVE_ARCH = YES;
				SDKROOT = iphoneos;
				SWIFT_ACTIVE_COMPILATION_CONDITIONS = DEBUG;
				SWIFT_OPTIMIZATION_LEVEL = "-Onone";
			};
			name = Debug;
		};
		17D66EE924FD7B77007F1689 /* Release */ = {
			isa = XCBuildConfiguration;
			buildSettings = {
				ALWAYS_SEARCH_USER_PATHS = NO;
				CLANG_ANALYZER_NONNULL = YES;
				CLANG_ANALYZER_NUMBER_OBJECT_CONVERSION = YES_AGGRESSIVE;
				CLANG_CXX_LANGUAGE_STANDARD = "gnu++14";
				CLANG_CXX_LIBRARY = "libc++";
				CLANG_ENABLE_MODULES = YES;
				CLANG_ENABLE_OBJC_ARC = YES;
				CLANG_ENABLE_OBJC_WEAK = YES;
				CLANG_WARN_BLOCK_CAPTURE_AUTORELEASING = YES;
				CLANG_WARN_BOOL_CONVERSION = YES;
				CLANG_WARN_COMMA = YES;
				CLANG_WARN_CONSTANT_CONVERSION = YES;
				CLANG_WARN_DEPRECATED_OBJC_IMPLEMENTATIONS = YES;
				CLANG_WARN_DIRECT_OBJC_ISA_USAGE = YES_ERROR;
				CLANG_WARN_DOCUMENTATION_COMMENTS = YES;
				CLANG_WARN_EMPTY_BODY = YES;
				CLANG_WARN_ENUM_CONVERSION = YES;
				CLANG_WARN_INFINITE_RECURSION = YES;
				CLANG_WARN_INT_CONVERSION = YES;
				CLANG_WARN_NON_LITERAL_NULL_CONVERSION = YES;
				CLANG_WARN_OBJC_IMPLICIT_RETAIN_SELF = YES;
				CLANG_WARN_OBJC_LITERAL_CONVERSION = YES;
				CLANG_WARN_OBJC_ROOT_CLASS = YES_ERROR;
				CLANG_WARN_RANGE_LOOP_ANALYSIS = YES;
				CLANG_WARN_STRICT_PROTOTYPES = YES;
				CLANG_WARN_SUSPICIOUS_MOVE = YES;
				CLANG_WARN_UNGUARDED_AVAILABILITY = YES_AGGRESSIVE;
				CLANG_WARN_UNREACHABLE_CODE = YES;
				CLANG_WARN__DUPLICATE_METHOD_MATCH = YES;
				COPY_PHASE_STRIP = NO;
				DEBUG_INFORMATION_FORMAT = "dwarf-with-dsym";
				ENABLE_NS_ASSERTIONS = NO;
				ENABLE_STRICT_OBJC_MSGSEND = YES;
				GCC_C_LANGUAGE_STANDARD = gnu11;
				GCC_NO_COMMON_BLOCKS = YES;
				GCC_WARN_64_TO_32_BIT_CONVERSION = YES;
				GCC_WARN_ABOUT_RETURN_TYPE = YES_ERROR;
				GCC_WARN_UNDECLARED_SELECTOR = YES;
				GCC_WARN_UNINITIALIZED_AUTOS = YES_AGGRESSIVE;
				GCC_WARN_UNUSED_FUNCTION = YES;
				GCC_WARN_UNUSED_VARIABLE = YES;
				IPHONEOS_DEPLOYMENT_TARGET = 13.6;
				MTL_ENABLE_DEBUG_INFO = NO;
				MTL_FAST_MATH = YES;
				SDKROOT = iphoneos;
				SWIFT_COMPILATION_MODE = wholemodule;
				SWIFT_OPTIMIZATION_LEVEL = "-O";
				VALIDATE_PRODUCT = YES;
			};
			name = Release;
		};
		17D66EEB24FD7B77007F1689 /* Debug */ = {
			isa = XCBuildConfiguration;
			buildSettings = {
				ASSETCATALOG_COMPILER_APPICON_NAME = AppIcon;
				CODE_SIGN_STYLE = Automatic;
				INFOPLIST_FILE = Bullseye/Info.plist;
				LD_RUNPATH_SEARCH_PATHS = (
					"$(inherited)",
					"@executable_path/Frameworks",
				);
				PRODUCT_BUNDLE_IDENTIFIER = com.Bullseye;
				PRODUCT_NAME = "$(TARGET_NAME)";
				SWIFT_VERSION = 5.0;
				TARGETED_DEVICE_FAMILY = "1,2";
			};
			name = Debug;
		};
		17D66EEC24FD7B77007F1689 /* Release */ = {
			isa = XCBuildConfiguration;
			buildSettings = {
				ASSETCATALOG_COMPILER_APPICON_NAME = AppIcon;
				CODE_SIGN_STYLE = Automatic;
				INFOPLIST_FILE = Bullseye/Info.plist;
				LD_RUNPATH_SEARCH_PATHS = (
					"$(inherited)",
					"@executable_path/Frameworks",
				);
				PRODUCT_BUNDLE_IDENTIFIER = com.Bullseye;
				PRODUCT_NAME = "$(TARGET_NAME)";
				SWIFT_VERSION = 5.0;
				TARGETED_DEVICE_FAMILY = "1,2";
			};
			name = Release;
		};
/* End XCBuildConfiguration section */

/* Begin XCConfigurationList section */
		17D66ED124FD7B74007F1689 /* Build configuration list for PBXProject "Bullseye" */ = {
			isa = XCConfigurationList;
			buildConfigurations = (
				17D66EE824FD7B77007F1689 /* Debug */,
				17D66EE924FD7B77007F1689 /* Release */,
			);
			defaultConfigurationIsVisible = 0;
			defaultConfigurationName = Release;
		};
		17D66EEA24FD7B77007F1689 /* Build configuration list for PBXNativeTarget "Bullseye" */ = {
			isa = XCConfigurationList;
			buildConfigurations = (
				17D66EEB24FD7B77007F1689 /* Debug */,
				17D66EEC24FD7B77007F1689 /* Release */,
			);
			defaultConfigurationIsVisible = 0;
			defaultConfigurationName = Release;
		};
/* End XCConfigurationList section */
	};
	rootObject = 17D66ECE24FD7B74007F1689 /* Project object */;
}
